#
# This file is autogenerated by pip-compile with Python 3.12
# by the following command:
#
#    pip-compile --output-file=requirements.lock --strip-extras pyproject.toml
#
aiosqlite==0.22.1
    # via carbonpanel (pyproject.toml)
alembic==1.19.1
    # via carbonpanel (pyproject.toml)
annotated-doc==0.0.5
    # via fastapi
annotated-types==0.8.0
    # via pydantic
anyio==4.14.2
    # via
    #   starlette
    #   watchfiles
bcrypt==5.0.0
    # via carbonpanel (pyproject.toml)
cffi==2.1.1
    # via cryptography
click==8.4.2
    # via uvicorn
cryptography==50.0.0
    # via carbonpanel (pyproject.toml)
fastapi==0.141.1
    # via carbonpanel (pyproject.toml)
greenlet==3.5.4
    # via sqlalchemy
h11==0.16.0
    # via uvicorn
httptools==0.8.0
    # via uvicorn
idna==3.18
    # via anyio
mako==1.4.1
    # via alembic
markupsafe==3.0.3
    # via mako
pillow==12.3.0
    # via carbonpanel (pyproject.toml)
psutil==7.2.2
    # via carbonpanel (pyproject.toml)
pycparser==3.0
    # via cffi
pydantic==2.13.4
    # via
    #   fastapi
    #   pydantic-settings
pydantic-core==2.46.4
    # via pydantic
pydantic-settings==2.15.0
    # via carbonpanel (pyproject.toml)
pyjwt==2.13.0
    # via carbonpanel (pyproject.toml)
pyotp==2.10.0
    # via carbonpanel (pyproject.toml)
pysocks==1.7.1
    # via carbonpanel (pyproject.toml)
python-dotenv==1.2.2
    # via
    #   pydantic-settings
    #   uvicorn
python-multipart==0.0.32
    # via carbonpanel (pyproject.toml)
pyyaml==6.0.3
    # via uvicorn
qrcode==8.2
    # via carbonpanel (pyproject.toml)
sqlalchemy==2.0.51
    # via
    #   alembic
    #   carbonpanel (pyproject.toml)
starlette==1.6.0
    # via fastapi
typing-extensions==4.16.0
    # via
    #   alembic
    #   anyio
    #   fastapi
    #   pydantic
    #   pydantic-core
    #   sqlalchemy
    #   starlette
    #   typing-inspection
typing-inspection==0.4.2
    # via
    #   fastapi
    #   pydantic
    #   pydantic-settings
uvicorn==0.52.1
    # via carbonpanel (pyproject.toml)
uvloop==0.22.1
    # via uvicorn
watchfiles==1.2.0
    # via uvicorn
websockets==17.0.1
    # via uvicorn
